
Microsoft Visual Studio Solution File, Format Version 12.00
# Visual Studio Version 17
VisualStudioVersion = 17.0.31903.59
MinimumVisualStudioVersion = 10.0.40219.1
Project("{FAE04EC0-301F-11D3-BF4B-00C04F79EFBC}") = "Producer", "Producer\Producer.csproj", "{5F2E7042-14E7-46DC-874B-0B041E5A1A17}"
EndProject
Project("{FAE04EC0-301F-11D3-BF4B-00C04F79EFBC}") = "Shared", "Shared\Shared.csproj", "{A8CD4011-6AB0-4B2A-89AF-2FF2D6AC366A}"
EndProject
Project("{FAE04EC0-301F-11D3-BF4B-00C04F79EFBC}") = "Consumer", "Consumer\Consumer.csproj", "{1AD39F85-AE38-4E63-9BB4-85C4873686E6}"
EndProject
Global
	GlobalSection(SolutionConfigurationPlatforms) = preSolution
		Debug|Any CPU = Debug|Any CPU
		Debug|x64 = Debug|x64
		Debug|x86 = Debug|x86
		Release|Any CPU = Release|Any CPU
		Release|x64 = Release|x64
		Release|x86 = Release|x86
	EndGlobalSection
	GlobalSection(ProjectConfigurationPlatforms) = postSolution
		{5F2E7042-14E7-46DC-874B-0B041E5A1A17}.Debug|Any CPU.ActiveCfg = Debug|Any CPU
		{5F2E7042-14E7-46DC-874B-0B041E5A1A17}.Debug|Any CPU.Build.0 = Debug|Any CPU
		{5F2E7042-14E7-46DC-874B-0B041E5A1A17}.Debug|x64.ActiveCfg = Debug|Any CPU
		{5F2E7042-14E7-46DC-874B-0B041E5A1A17}.Debug|x64.Build.0 = Debug|Any CPU
		{5F2E7042-14E7-46DC-874B-0B041E5A1A17}.Debug|x86.ActiveCfg = Debug|Any CPU
		{5F2E7042-14E7-46DC-874B-0B041E5A1A17}.Debug|x86.Build.0 = Debug|Any CPU
		{5F2E7042-14E7-46DC-874B-0B041E5A1A17}.Release|Any CPU.ActiveCfg = Release|Any CPU
		{5F2E7042-14E7-46DC-874B-0B041E5A1A17}.Release|Any CPU.Build.0 = Release|Any CPU
		{5F2E7042-14E7-46DC-874B-0B041E5A1A17}.Release|x64.ActiveCfg = Release|Any CPU
		{5F2E7042-14E7-46DC-874B-0B041E5A1A17}.Release|x64.Build.0 = Release|Any CPU
		{5F2E7042-14E7-46DC-874B-0B041E5A1A17}.Release|x86.ActiveCfg = Release|Any CPU
		{5F2E7042-14E7-46DC-874B-0B041E5A1A17}.Release|x86.Build.0 = Release|Any CPU
		{A8CD4011-6AB0-4B2A-89AF-2FF2D6AC366A}.Debug|Any CPU.ActiveCfg = Debug|Any CPU
		{A8CD4011-6AB0-4B2A-89AF-2FF2D6AC366A}.Debug|Any CPU.Build.0 = Debug|Any CPU
		{A8CD4011-6AB0-4B2A-89AF-2FF2D6AC366A}.Debug|x64.ActiveCfg = Debug|Any CPU
		{A8CD4011-6AB0-4B2A-89AF-2FF2D6AC366A}.Debug|x64.Build.0 = Debug|Any CPU
		{A8CD4011-6AB0-4B2A-89AF-2FF2D6AC366A}.Debug|x86.ActiveCfg = Debug|Any CPU
		{A8CD4011-6AB0-4B2A-89AF-2FF2D6AC366A}.Debug|x86.Build.0 = Debug|Any CPU
		{A8CD4011-6AB0-4B2A-89AF-2FF2D6AC366A}.Release|Any CPU.ActiveCfg = Release|Any CPU
		{A8CD4011-6AB0-4B2A-89AF-2FF2D6AC366A}.Release|Any CPU.Build.0 = Release|Any CPU
		{A8CD4011-6AB0-4B2A-89AF-2FF2D6AC366A}.Release|x64.ActiveCfg = Release|Any CPU
		{A8CD4011-6AB0-4B2A-89AF-2FF2D6AC366A}.Release|x64.Build.0 = Release|Any CPU
		{A8CD4011-6AB0-4B2A-89AF-2FF2D6AC366A}.Release|x86.ActiveCfg = Release|Any CPU
		{A8CD4011-6AB0-4B2A-89AF-2FF2D6AC366A}.Release|x86.Build.0 = Release|Any CPU
		{1AD39F85-AE38-4E63-9BB4-85C4873686E6}.Debug|Any CPU.ActiveCfg = Debug|Any CPU
		{1AD39F85-AE38-4E63-9BB4-85C4873686E6}.Debug|Any CPU.Build.0 = Debug|Any CPU
		{1AD39F85-AE38-4E63-9BB4-85C4873686E6}.Debug|x64.ActiveCfg = Debug|Any CPU
		{1AD39F85-AE38-4E63-9BB4-85C4873686E6}.Debug|x64.Build.0 = Debug|Any CPU
		{1AD39F85-AE38-4E63-9BB4-85C4873686E6}.Debug|x86.ActiveCfg = Debug|Any CPU
		{1AD39F85-AE38-4E63-9BB4-85C4873686E6}.Debug|x86.Build.0 = Debug|Any CPU
		{1AD39F85-AE38-4E63-9BB4-85C4873686E6}.Release|Any CPU.ActiveCfg = Release|Any CPU
		{1AD39F85-AE38-4E63-9BB4-85C4873686E6}.Release|Any CPU.Build.0 = Release|Any CPU
		{1AD39F85-AE38-4E63-9BB4-85C4873686E6}.Release|x64.ActiveCfg = Release|Any CPU
		{1AD39F85-AE38-4E63-9BB4-85C4873686E6}.Release|x64.Build.0 = Release|Any CPU
		{1AD39F85-AE38-4E63-9BB4-85C4873686E6}.Release|x86.ActiveCfg = Release|Any CPU
		{1AD39F85-AE38-4E63-9BB4-85C4873686E6}.Release|x86.Build.0 = Release|Any CPU
	EndGlobalSection
	GlobalSection(SolutionProperties) = preSolution
		HideSolutionNode = FALSE
	EndGlobalSection
EndGlobal
