
Microsoft Visual Studio Solution File, Format Version 12.00
# Visual Studio Version 17
VisualStudioVersion = 17.0.31903.59
MinimumVisualStudioVersion = 10.0.40219.1
Project("{FAE04EC0-301F-11D3-BF4B-00C04F79EFBC}") = "Producer", "Producer\Producer.csproj", "{4FDC56F2-0E51-4AA8-AC1D-C25BE41138D1}"
EndProject
Project("{FAE04EC0-301F-11D3-BF4B-00C04F79EFBC}") = "Shared", "Shared\Shared.csproj", "{25CBA243-7238-4CD1-9A4A-92C38A3D374B}"
EndProject
Project("{FAE04EC0-301F-11D3-BF4B-00C04F79EFBC}") = "Consumer.Pull", "Consumer.Pull\Consumer.Pull.csproj", "{08F3BC04-1A7C-40A2-8F7E-33334DE78E7E}"
EndProject
Project("{FAE04EC0-301F-11D3-BF4B-00C04F79EFBC}") = "Consumer.Push", "Consumer.Push\Consumer.Push.csproj", "{9DD1E01A-23B9-4D58-B2D5-75FC4A0A9D96}"
EndProject
Global
	GlobalSection(SolutionConfigurationPlatforms) = preSolution
		Debug|Any CPU = Debug|Any CPU
		Debug|x64 = Debug|x64
		Debug|x86 = Debug|x86
		Release|Any CPU = Release|Any CPU
		Release|x64 = Release|x64
		Release|x86 = Release|x86
	EndGlobalSection
	GlobalSection(ProjectConfigurationPlatforms) = postSolution
		{4FDC56F2-0E51-4AA8-AC1D-C25BE41138D1}.Debug|Any CPU.ActiveCfg = Debug|Any CPU
		{4FDC56F2-0E51-4AA8-AC1D-C25BE41138D1}.Debug|Any CPU.Build.0 = Debug|Any CPU
		{4FDC56F2-0E51-4AA8-AC1D-C25BE41138D1}.Debug|x64.ActiveCfg = Debug|Any CPU
		{4FDC56F2-0E51-4AA8-AC1D-C25BE41138D1}.Debug|x64.Build.0 = Debug|Any CPU
		{4FDC56F2-0E51-4AA8-AC1D-C25BE41138D1}.Debug|x86.ActiveCfg = Debug|Any CPU
		{4FDC56F2-0E51-4AA8-AC1D-C25BE41138D1}.Debug|x86.Build.0 = Debug|Any CPU
		{4FDC56F2-0E51-4AA8-AC1D-C25BE41138D1}.Release|Any CPU.ActiveCfg = Release|Any CPU
		{4FDC56F2-0E51-4AA8-AC1D-C25BE41138D1}.Release|Any CPU.Build.0 = Release|Any CPU
		{4FDC56F2-0E51-4AA8-AC1D-C25BE41138D1}.Release|x64.ActiveCfg = Release|Any CPU
		{4FDC56F2-0E51-4AA8-AC1D-C25BE41138D1}.Release|x64.Build.0 = Release|Any CPU
		{4FDC56F2-0E51-4AA8-AC1D-C25BE41138D1}.Release|x86.ActiveCfg = Release|Any CPU
		{4FDC56F2-0E51-4AA8-AC1D-C25BE41138D1}.Release|x86.Build.0 = Release|Any CPU
		{25CBA243-7238-4CD1-9A4A-92C38A3D374B}.Debug|Any CPU.ActiveCfg = Debug|Any CPU
		{25CBA243-7238-4CD1-9A4A-92C38A3D374B}.Debug|Any CPU.Build.0 = Debug|Any CPU
		{25CBA243-7238-4CD1-9A4A-92C38A3D374B}.Debug|x64.ActiveCfg = Debug|Any CPU
		{25CBA243-7238-4CD1-9A4A-92C38A3D374B}.Debug|x64.Build.0 = Debug|Any CPU
		{25CBA243-7238-4CD1-9A4A-92C38A3D374B}.Debug|x86.ActiveCfg = Debug|Any CPU
		{25CBA243-7238-4CD1-9A4A-92C38A3D374B}.Debug|x86.Build.0 = Debug|Any CPU
		{25CBA243-7238-4CD1-9A4A-92C38A3D374B}.Release|Any CPU.ActiveCfg = Release|Any CPU
		{25CBA243-7238-4CD1-9A4A-92C38A3D374B}.Release|Any CPU.Build.0 = Release|Any CPU
		{25CBA243-7238-4CD1-9A4A-92C38A3D374B}.Release|x64.ActiveCfg = Release|Any CPU
		{25CBA243-7238-4CD1-9A4A-92C38A3D374B}.Release|x64.Build.0 = Release|Any CPU
		{25CBA243-7238-4CD1-9A4A-92C38A3D374B}.Release|x86.ActiveCfg = Release|Any CPU
		{25CBA243-7238-4CD1-9A4A-92C38A3D374B}.Release|x86.Build.0 = Release|Any CPU
		{08F3BC04-1A7C-40A2-8F7E-33334DE78E7E}.Debug|Any CPU.ActiveCfg = Debug|Any CPU
		{08F3BC04-1A7C-40A2-8F7E-33334DE78E7E}.Debug|Any CPU.Build.0 = Debug|Any CPU
		{08F3BC04-1A7C-40A2-8F7E-33334DE78E7E}.Debug|x64.ActiveCfg = Debug|Any CPU
		{08F3BC04-1A7C-40A2-8F7E-33334DE78E7E}.Debug|x64.Build.0 = Debug|Any CPU
		{08F3BC04-1A7C-40A2-8F7E-33334DE78E7E}.Debug|x86.ActiveCfg = Debug|Any CPU
		{08F3BC04-1A7C-40A2-8F7E-33334DE78E7E}.Debug|x86.Build.0 = Debug|Any CPU
		{08F3BC04-1A7C-40A2-8F7E-33334DE78E7E}.Release|Any CPU.ActiveCfg = Release|Any CPU
		{08F3BC04-1A7C-40A2-8F7E-33334DE78E7E}.Release|Any CPU.Build.0 = Release|Any CPU
		{08F3BC04-1A7C-40A2-8F7E-33334DE78E7E}.Release|x64.ActiveCfg = Release|Any CPU
		{08F3BC04-1A7C-40A2-8F7E-33334DE78E7E}.Release|x64.Build.0 = Release|Any CPU
		{08F3BC04-1A7C-40A2-8F7E-33334DE78E7E}.Release|x86.ActiveCfg = Release|Any CPU
		{08F3BC04-1A7C-40A2-8F7E-33334DE78E7E}.Release|x86.Build.0 = Release|Any CPU
		{9DD1E01A-23B9-4D58-B2D5-75FC4A0A9D96}.Debug|Any CPU.ActiveCfg = Debug|Any CPU
		{9DD1E01A-23B9-4D58-B2D5-75FC4A0A9D96}.Debug|Any CPU.Build.0 = Debug|Any CPU
		{9DD1E01A-23B9-4D58-B2D5-75FC4A0A9D96}.Debug|x64.ActiveCfg = Debug|Any CPU
		{9DD1E01A-23B9-4D58-B2D5-75FC4A0A9D96}.Debug|x64.Build.0 = Debug|Any CPU
		{9DD1E01A-23B9-4D58-B2D5-75FC4A0A9D96}.Debug|x86.ActiveCfg = Debug|Any CPU
		{9DD1E01A-23B9-4D58-B2D5-75FC4A0A9D96}.Debug|x86.Build.0 = Debug|Any CPU
		{9DD1E01A-23B9-4D58-B2D5-75FC4A0A9D96}.Release|Any CPU.ActiveCfg = Release|Any CPU
		{9DD1E01A-23B9-4D58-B2D5-75FC4A0A9D96}.Release|Any CPU.Build.0 = Release|Any CPU
		{9DD1E01A-23B9-4D58-B2D5-75FC4A0A9D96}.Release|x64.ActiveCfg = Release|Any CPU
		{9DD1E01A-23B9-4D58-B2D5-75FC4A0A9D96}.Release|x64.Build.0 = Release|Any CPU
		{9DD1E01A-23B9-4D58-B2D5-75FC4A0A9D96}.Release|x86.ActiveCfg = Release|Any CPU
		{9DD1E01A-23B9-4D58-B2D5-75FC4A0A9D96}.Release|x86.Build.0 = Release|Any CPU
	EndGlobalSection
	GlobalSection(SolutionProperties) = preSolution
		HideSolutionNode = FALSE
	EndGlobalSection
EndGlobal
