
Microsoft Visual Studio Solution File, Format Version 12.00
# Visual Studio Version 17
VisualStudioVersion = 17.0.31903.59
MinimumVisualStudioVersion = 10.0.40219.1
Project("{FAE04EC0-301F-11D3-BF4B-00C04F79EFBC}") = "Producer", "Producer\Producer.csproj", "{9A4DC594-70B1-4E41-9EB4-79C00F487AE1}"
EndProject
Project("{FAE04EC0-301F-11D3-BF4B-00C04F79EFBC}") = "Shared", "Shared\Shared.csproj", "{384C0361-3E15-430E-8F74-08DA6E45A361}"
EndProject
Project("{FAE04EC0-301F-11D3-BF4B-00C04F79EFBC}") = "Consumer", "Consumer\Consumer.csproj", "{4B9A984E-4501-4004-A9CD-1C7309185700}"
EndProject
Global
	GlobalSection(SolutionConfigurationPlatforms) = preSolution
		Debug|Any CPU = Debug|Any CPU
		Debug|x64 = Debug|x64
		Debug|x86 = Debug|x86
		Release|Any CPU = Release|Any CPU
		Release|x64 = Release|x64
		Release|x86 = Release|x86
	EndGlobalSection
	GlobalSection(ProjectConfigurationPlatforms) = postSolution
		{9A4DC594-70B1-4E41-9EB4-79C00F487AE1}.Debug|Any CPU.ActiveCfg = Debug|Any CPU
		{9A4DC594-70B1-4E41-9EB4-79C00F487AE1}.Debug|Any CPU.Build.0 = Debug|Any CPU
		{9A4DC594-70B1-4E41-9EB4-79C00F487AE1}.Debug|x64.ActiveCfg = Debug|Any CPU
		{9A4DC594-70B1-4E41-9EB4-79C00F487AE1}.Debug|x64.Build.0 = Debug|Any CPU
		{9A4DC594-70B1-4E41-9EB4-79C00F487AE1}.Debug|x86.ActiveCfg = Debug|Any CPU
		{9A4DC594-70B1-4E41-9EB4-79C00F487AE1}.Debug|x86.Build.0 = Debug|Any CPU
		{9A4DC594-70B1-4E41-9EB4-79C00F487AE1}.Release|Any CPU.ActiveCfg = Release|Any CPU
		{9A4DC594-70B1-4E41-9EB4-79C00F487AE1}.Release|Any CPU.Build.0 = Release|Any CPU
		{9A4DC594-70B1-4E41-9EB4-79C00F487AE1}.Release|x64.ActiveCfg = Release|Any CPU
		{9A4DC594-70B1-4E41-9EB4-79C00F487AE1}.Release|x64.Build.0 = Release|Any CPU
		{9A4DC594-70B1-4E41-9EB4-79C00F487AE1}.Release|x86.ActiveCfg = Release|Any CPU
		{9A4DC594-70B1-4E41-9EB4-79C00F487AE1}.Release|x86.Build.0 = Release|Any CPU
		{384C0361-3E15-430E-8F74-08DA6E45A361}.Debug|Any CPU.ActiveCfg = Debug|Any CPU
		{384C0361-3E15-430E-8F74-08DA6E45A361}.Debug|Any CPU.Build.0 = Debug|Any CPU
		{384C0361-3E15-430E-8F74-08DA6E45A361}.Debug|x64.ActiveCfg = Debug|Any CPU
		{384C0361-3E15-430E-8F74-08DA6E45A361}.Debug|x64.Build.0 = Debug|Any CPU
		{384C0361-3E15-430E-8F74-08DA6E45A361}.Debug|x86.ActiveCfg = Debug|Any CPU
		{384C0361-3E15-430E-8F74-08DA6E45A361}.Debug|x86.Build.0 = Debug|Any CPU
		{384C0361-3E15-430E-8F74-08DA6E45A361}.Release|Any CPU.ActiveCfg = Release|Any CPU
		{384C0361-3E15-430E-8F74-08DA6E45A361}.Release|Any CPU.Build.0 = Release|Any CPU
		{384C0361-3E15-430E-8F74-08DA6E45A361}.Release|x64.ActiveCfg = Release|Any CPU
		{384C0361-3E15-430E-8F74-08DA6E45A361}.Release|x64.Build.0 = Release|Any CPU
		{384C0361-3E15-430E-8F74-08DA6E45A361}.Release|x86.ActiveCfg = Release|Any CPU
		{384C0361-3E15-430E-8F74-08DA6E45A361}.Release|x86.Build.0 = Release|Any CPU
		{4B9A984E-4501-4004-A9CD-1C7309185700}.Debug|Any CPU.ActiveCfg = Debug|Any CPU
		{4B9A984E-4501-4004-A9CD-1C7309185700}.Debug|Any CPU.Build.0 = Debug|Any CPU
		{4B9A984E-4501-4004-A9CD-1C7309185700}.Debug|x64.ActiveCfg = Debug|Any CPU
		{4B9A984E-4501-4004-A9CD-1C7309185700}.Debug|x64.Build.0 = Debug|Any CPU
		{4B9A984E-4501-4004-A9CD-1C7309185700}.Debug|x86.ActiveCfg = Debug|Any CPU
		{4B9A984E-4501-4004-A9CD-1C7309185700}.Debug|x86.Build.0 = Debug|Any CPU
		{4B9A984E-4501-4004-A9CD-1C7309185700}.Release|Any CPU.ActiveCfg = Release|Any CPU
		{4B9A984E-4501-4004-A9CD-1C7309185700}.Release|Any CPU.Build.0 = Release|Any CPU
		{4B9A984E-4501-4004-A9CD-1C7309185700}.Release|x64.ActiveCfg = Release|Any CPU
		{4B9A984E-4501-4004-A9CD-1C7309185700}.Release|x64.Build.0 = Release|Any CPU
		{4B9A984E-4501-4004-A9CD-1C7309185700}.Release|x86.ActiveCfg = Release|Any CPU
		{4B9A984E-4501-4004-A9CD-1C7309185700}.Release|x86.Build.0 = Release|Any CPU
	EndGlobalSection
	GlobalSection(SolutionProperties) = preSolution
		HideSolutionNode = FALSE
	EndGlobalSection
EndGlobal
